
Microsoft Visual Studio Solution File, Format Version 12.00
# Visual Studio Version 16
VisualStudioVersion = 16.0.29728.190
MinimumVisualStudioVersion = 10.0.40219.1
Project("{FAE04EC0-301F-11D3-BF4B-00C04F79EFBC}") = "EnglishMeasurementConverter", "EnglishMeasurementConverter.csproj", "{B047A82A-0518-4BAD-B8CB-854624D3CF10}"
EndProject
Global
	GlobalSection(SolutionConfigurationPlatforms) = preSolution
		Debug|Any CPU = Debug|Any CPU
		Release|Any CPU = Release|Any CPU
	EndGlobalSection
	GlobalSection(ProjectConfigurationPlatforms) = postSolution
		{B047A82A-0518-4BAD-B8CB-854624D3CF10}.Debug|Any CPU.ActiveCfg = Debug|Any CPU
		{B047A82A-0518-4BAD-B8CB-854624D3CF10}.Debug|Any CPU.Build.0 = Debug|Any CPU
		{B047A82A-0518-4BAD-B8CB-854624D3CF10}.Release|Any CPU.ActiveCfg = Release|Any CPU
		{B047A82A-0518-4BAD-B8CB-854624D3CF10}.Release|Any CPU.Build.0 = Release|Any CPU
	EndGlobalSection
	GlobalSection(SolutionProperties) = preSolution
		HideSolutionNode = FALSE
	EndGlobalSection
	GlobalSection(ExtensibilityGlobals) = postSolution
		SolutionGuid = {3C7CA73D-4C39-4AE5-B6C5-D6B90535AFD8}
	EndGlobalSection
EndGlobal
